
Microsoft Visual Studio Solution File, Format Version 12.00
# Visual Studio Version 17
VisualStudioVersion = 17.9.34622.214
MinimumVisualStudioVersion = 10.0.40219.1
Project("{FAE04EC0-301F-11D3-BF4B-00C04F79EFBC}") = "ConsoleApp1", "ConsoleApp1\ConsoleApp1.csproj", "{2BE99507-C45A-4700-893F-9141438B4F11}"
EndProject
Global
	GlobalSection(SolutionConfigurationPlatforms) = preSolution
		Debug|Any CPU = Debug|Any CPU
		Release|Any CPU = Release|Any CPU
	EndGlobalSection
	GlobalSection(ProjectConfigurationPlatforms) = postSolution
		{2BE99507-C45A-4700-893F-9141438B4F11}.Debug|Any CPU.ActiveCfg = Debug|Any CPU
		{2BE99507-C45A-4700-893F-9141438B4F11}.Debug|Any CPU.Build.0 = Debug|Any CPU
		{2BE99507-C45A-4700-893F-9141438B4F11}.Release|Any CPU.ActiveCfg = Release|Any CPU
		{2BE99507-C45A-4700-893F-9141438B4F11}.Release|Any CPU.Build.0 = Release|Any CPU
	EndGlobalSection
	GlobalSection(SolutionProperties) = preSolution
		HideSolutionNode = FALSE
	EndGlobalSection
	GlobalSection(ExtensibilityGlobals) = postSolution
		SolutionGuid = {F79AB198-C584-48B6-B40A-F857FE598572}
	EndGlobalSection
EndGlobal
